<?xml version="1.0" encoding="UTF-8" standalone="yes" ?>
<CodeBlocks_project_file>
	<FileVersion major="1" minor="6" />
	<Project>
		<Option title="Gym_Manager" />
		<Option pch_mode="2" />
		<Option compiler="gcc" />
		<Build>
			<Target title="Debug">
				<Option output="bin/Debug/Gym_Manager" prefix_auto="1" extension_auto="1" />
				<Option object_output="obj/Debug/" />
				<Option type="1" />
				<Option compiler="gcc" />
				<Compiler>
					<Add option="-g" />
					<Add directory="../Gym_Manager" />
					<Add directory="include" />
				</Compiler>
			</Target>
			<Target title="Release">
				<Option output="bin/Release/Gym_Manager" prefix_auto="1" extension_auto="1" />
				<Option object_output="obj/Release/" />
				<Option type="1" />
				<Option compiler="gcc" />
				<Compiler>
					<Add option="-O2" />
					<Add directory="../Gym_Manager" />
					<Add directory="include" />
				</Compiler>
				<Linker>
					<Add option="-s" />
				</Linker>
			</Target>
		</Build>
		<Compiler>
			<Add option="-Wall" />
			<Add option="-fexceptions" />
		</Compiler>
		<Unit filename="Buttons.cpp" />
		<Unit filename="Buttons.h" />
		<Unit filename="Dumbell_Station.cpp" />
		<Unit filename="Dumbell_Station.h" />
		<Unit filename="Dumbells.cpp" />
		<Unit filename="Dumbells.h" />
		<Unit filename="End_Screen.cpp" />
		<Unit filename="End_Screen.h" />
		<Unit filename="Game_screen.cpp" />
		<Unit filename="Game_screen.h" />
		<Unit filename="Gym_User.cpp" />
		<Unit filename="Gym_User.h" />
		<Unit filename="Main_Screen.cpp" />
		<Unit filename="Main_Screen.h" />
		<Unit filename="Misc_Station.cpp" />
		<Unit filename="Misc_Station.h" />
		<Unit filename="Misc_obj.cpp" />
		<Unit filename="Misc_obj.h" />
		<Unit filename="Plates.cpp" />
		<Unit filename="Plates.h" />
		<Unit filename="Plates_Station.cpp" />
		<Unit filename="Plates_Station.h" />
		<Unit filename="Player.cpp" />
		<Unit filename="Player.h" />
		<Unit filename="Rod_Station.cpp" />
		<Unit filename="Rod_Station.h" />
		<Unit filename="Rods.cpp" />
		<Unit filename="Rods.h" />
		<Unit filename="Screens.cpp" />
		<Unit filename="Screens.h" />
		<Unit filename="Songs.cpp" />
		<Unit filename="Songs.h" />
		<Unit filename="Splash_Screen.h" />
		<Unit filename="Start_screen.cpp" />
		<Unit filename="Start_screen.h" />
		<Unit filename="Weight_Station.cpp" />
		<Unit filename="Weight_Station.h" />
		<Unit filename="Weights .cpp" />
		<Unit filename="Weights .h" />
		<Unit filename="include/Load_Screen.h" />
		<Unit filename="include/Pause_Screen.h" />
		<Unit filename="main.cpp" />
		<Unit filename="src/Load_Screen.cpp" />
		<Unit filename="src/Pause_Screen.cpp" />
		<Extensions>
			<code_completion />
			<envvars />
			<debugger />
		</Extensions>
	</Project>
</CodeBlocks_project_file>
